// !$*UTF8*$!
{
	archiveVersion = 1;
	classes = {
	};
	objectVersion = 48;
	objects = {

/* Begin PBXBuildFile section */
		1A0FB9651FBE49C10020434F /* PerfilController.swift in Sources */ = {isa = PBXBuildFile; fileRef = 1A0FB9641FBE49C10020434F /* PerfilController.swift */; };
		1A0FB9671FBE49E10020434F /* VeterinarioController.swift in Sources */ = {isa = PBXBuildFile; fileRef = 1A0FB9661FBE49E10020434F /* VeterinarioController.swift */; };
		1A34751D1FB162F4007E3E32 /* AppDelegate.swift in Sources */ = {isa = PBXBuildFile; fileRef = 1A34751C1FB162F4007E3E32 /* AppDelegate.swift */; };
		1A34751F1FB162F4007E3E32 /* ViewController.swift in Sources */ = {isa = PBXBuildFile; fileRef = 1A34751E1FB162F4007E3E32 /* ViewController.swift */; };
		1A3475221FB162F4007E3E32 /* Main.storyboard in Resources */ = {isa = PBXBuildFile; fileRef = 1A3475201FB162F4007E3E32 /* Main.storyboard */; };
		1A3475251FB162F4007E3E32 /* PrettyPets.xcdatamodeld in Sources */ = {isa = PBXBuildFile; fileRef = 1A3475231FB162F4007E3E32 /* PrettyPets.xcdatamodeld */; };
		1A3475271FB162F4007E3E32 /* Assets.xcassets in Resources */ = {isa = PBXBuildFile; fileRef = 1A3475261FB162F4007E3E32 /* Assets.xcassets */; };
		1A34752A1FB162F4007E3E32 /* LaunchScreen.storyboard in Resources */ = {isa = PBXBuildFile; fileRef = 1A3475281FB162F4007E3E32 /* LaunchScreen.storyboard */; };
		1A3475351FB162F4007E3E32 /* PrettyPetsTests.swift in Sources */ = {isa = PBXBuildFile; fileRef = 1A3475341FB162F4007E3E32 /* PrettyPetsTests.swift */; };
		1A3475401FB162F4007E3E32 /* PrettyPetsUITests.swift in Sources */ = {isa = PBXBuildFile; fileRef = 1A34753F1FB162F4007E3E32 /* PrettyPetsUITests.swift */; };
		1A36D5291FBFE2000096CF20 /* RegUsuarioController.swift in Sources */ = {isa = PBXBuildFile; fileRef = 1A36D5281FBFE2000096CF20 /* RegUsuarioController.swift */; };
		1A36D52B1FBFE3E90096CF20 /* RegMascotaController.swift in Sources */ = {isa = PBXBuildFile; fileRef = 1A36D52A1FBFE3E90096CF20 /* RegMascotaController.swift */; };
		1A36D52D1FBFE47A0096CF20 /* BitacoraController.swift in Sources */ = {isa = PBXBuildFile; fileRef = 1A36D52C1FBFE47A0096CF20 /* BitacoraController.swift */; };
		1AC642F11FBFFCCE00FD5290 /* ActualizarController.swift in Sources */ = {isa = PBXBuildFile; fileRef = 1AC642F01FBFFCCE00FD5290 /* ActualizarController.swift */; };
		1AC642F31FBFFDA800FD5290 /* AddVacunaController.swift in Sources */ = {isa = PBXBuildFile; fileRef = 1AC642F21FBFFDA800FD5290 /* AddVacunaController.swift */; };
		1AC642F51FBFFE5500FD5290 /* AddMascotaController.swift in Sources */ = {isa = PBXBuildFile; fileRef = 1AC642F41FBFFE5500FD5290 /* AddMascotaController.swift */; };
/* End PBXBuildFile section */

/* Begin PBXContainerItemProxy section */
		1A3475311FB162F4007E3E32 /* PBXContainerItemProxy */ = {
			isa = PBXContainerItemProxy;
			containerPortal = 1A3475111FB162F4007E3E32 /* Project object */;
			proxyType = 1;
			remoteGlobalIDString = 1A3475181FB162F4007E3E32;
			remoteInfo = PrettyPets;
		};
		1A34753C1FB162F4007E3E32 /* PBXContainerItemProxy */ = {
			isa = PBXContainerItemProxy;
			containerPortal = 1A3475111FB162F4007E3E32 /* Project object */;
			proxyType = 1;
			remoteGlobalIDString = 1A3475181FB162F4007E3E32;
			remoteInfo = PrettyPets;
		};
/* End PBXContainerItemProxy section */

/* Begin PBXFileReference section */
		1A0FB9641FBE49C10020434F /* PerfilController.swift */ = {isa = PBXFileReference; lastKnownFileType = sourcecode.swift; path = PerfilController.swift; sourceTree = "<group>"; };
		1A0FB9661FBE49E10020434F /* VeterinarioController.swift */ = {isa = PBXFileReference; lastKnownFileType = sourcecode.swift; path = VeterinarioController.swift; sourceTree = "<group>"; };
		1A3475191FB162F4007E3E32 /* PrettyPets.app */ = {isa = PBXFileReference; explicitFileType = wrapper.application; includeInIndex = 0; path = PrettyPets.app; sourceTree = BUILT_PRODUCTS_DIR; };
		1A34751C1FB162F4007E3E32 /* AppDelegate.swift */ = {isa = PBXFileReference; lastKnownFileType = sourcecode.swift; path = AppDelegate.swift; sourceTree = "<group>"; };
		1A34751E1FB162F4007E3E32 /* ViewController.swift */ = {isa = PBXFileReference; lastKnownFileType = sourcecode.swift; path = ViewController.swift; sourceTree = "<group>"; };
		1A3475211FB162F4007E3E32 /* Base */ = {isa = PBXFileReference; lastKnownFileType = file.storyboard; name = Base; path = Base.lproj/Main.storyboard; sourceTree = "<group>"; };
		1A3475241FB162F4007E3E32 /* PrettyPets.xcdatamodel */ = {isa = PBXFileReference; lastKnownFileType = wrapper.xcdatamodel; path = PrettyPets.xcdatamodel; sourceTree = "<group>"; };
		1A3475261FB162F4007E3E32 /* Assets.xcassets */ = {isa = PBXFileReference; lastKnownFileType = folder.assetcatalog; path = Assets.xcassets; sourceTree = "<group>"; };
		1A3475291FB162F4007E3E32 /* Base */ = {isa = PBXFileReference; lastKnownFileType = file.storyboard; name = Base; path = Base.lproj/LaunchScreen.storyboard; sourceTree = "<group>"; };
		1A34752B1FB162F4007E3E32 /* Info.plist */ = {isa = PBXFileReference; lastKnownFileType = text.plist.xml; path = Info.plist; sourceTree = "<group>"; };
		1A3475301FB162F4007E3E32 /* PrettyPetsTests.xctest */ = {isa = PBXFileReference; explicitFileType = wrapper.cfbundle; includeInIndex = 0; path = PrettyPetsTests.xctest; sourceTree = BUILT_PRODUCTS_DIR; };
		1A3475341FB162F4007E3E32 /* PrettyPetsTests.swift */ = {isa = PBXFileReference; lastKnownFileType = sourcecode.swift; path = PrettyPetsTests.swift; sourceTree = "<group>"; };
		1A3475361FB162F4007E3E32 /* Info.plist */ = {isa = PBXFileReference; lastKnownFileType = text.plist.xml; path = Info.plist; sourceTree = "<group>"; };
		1A34753B1FB162F4007E3E32 /* PrettyPetsUITests.xctest */ = {isa = PBXFileReference; explicitFileType = wrapper.cfbundle; includeInIndex = 0; path = PrettyPetsUITests.xctest; sourceTree = BUILT_PRODUCTS_DIR; };
		1A34753F1FB162F4007E3E32 /* PrettyPetsUITests.swift */ = {isa = PBXFileReference; lastKnownFileType = sourcecode.swift; path = PrettyPetsUITests.swift; sourceTree = "<group>"; };
		1A3475411FB162F4007E3E32 /* Info.plist */ = {isa = PBXFileReference; lastKnownFileType = text.plist.xml; path = Info.plist; sourceTree = "<group>"; };
		1A36D5281FBFE2000096CF20 /* RegUsuarioController.swift */ = {isa = PBXFileReference; lastKnownFileType = sourcecode.swift; path = RegUsuarioController.swift; sourceTree = "<group>"; };
		1A36D52A1FBFE3E90096CF20 /* RegMascotaController.swift */ = {isa = PBXFileReference; lastKnownFileType = sourcecode.swift; path = RegMascotaController.swift; sourceTree = "<group>"; };
		1A36D52C1FBFE47A0096CF20 /* BitacoraController.swift */ = {isa = PBXFileReference; lastKnownFileType = sourcecode.swift; path = BitacoraController.swift; sourceTree = "<group>"; };
		1AC642F01FBFFCCE00FD5290 /* ActualizarController.swift */ = {isa = PBXFileReference; lastKnownFileType = sourcecode.swift; path = ActualizarController.swift; sourceTree = "<group>"; };
		1AC642F21FBFFDA800FD5290 /* AddVacunaController.swift */ = {isa = PBXFileReference; lastKnownFileType = sourcecode.swift; path = AddVacunaController.swift; sourceTree = "<group>"; };
		1AC642F41FBFFE5500FD5290 /* AddMascotaController.swift */ = {isa = PBXFileReference; lastKnownFileType = sourcecode.swift; path = AddMascotaController.swift; sourceTree = "<group>"; };
/* End PBXFileReference section */

/* Begin PBXFrameworksBuildPhase section */
		1A3475161FB162F4007E3E32 /* Frameworks */ = {
			isa = PBXFrameworksBuildPhase;
			buildActionMask = 2147483647;
			files = (
			);
			runOnlyForDeploymentPostprocessing = 0;
		};
		1A34752D1FB162F4007E3E32 /* Frameworks */ = {
			isa = PBXFrameworksBuildPhase;
			buildActionMask = 2147483647;
			files = (
			);
			runOnlyForDeploymentPostprocessing = 0;
		};
		1A3475381FB162F4007E3E32 /* Frameworks */ = {
			isa = PBXFrameworksBuildPhase;
			buildActionMask = 2147483647;
			files = (
			);
			runOnlyForDeploymentPostprocessing = 0;
		};
/* End PBXFrameworksBuildPhase section */

/* Begin PBXGroup section */
		1A3475101FB162F4007E3E32 = {
			isa = PBXGroup;
			children = (
				1A34751B1FB162F4007E3E32 /* PrettyPets */,
				1A3475331FB162F4007E3E32 /* PrettyPetsTests */,
				1A34753E1FB162F4007E3E32 /* PrettyPetsUITests */,
				1A34751A1FB162F4007E3E32 /* Products */,
			);
			sourceTree = "<group>";
		};
		1A34751A1FB162F4007E3E32 /* Products */ = {
			isa = PBXGroup;
			children = (
				1A3475191FB162F4007E3E32 /* PrettyPets.app */,
				1A3475301FB162F4007E3E32 /* PrettyPetsTests.xctest */,
				1A34753B1FB162F4007E3E32 /* PrettyPetsUITests.xctest */,
			);
			name = Products;
			sourceTree = "<group>";
		};
		1A34751B1FB162F4007E3E32 /* PrettyPets */ = {
			isa = PBXGroup;
			children = (
				1A34751C1FB162F4007E3E32 /* AppDelegate.swift */,
				1A34751E1FB162F4007E3E32 /* ViewController.swift */,
				1A3475201FB162F4007E3E32 /* Main.storyboard */,
				1A3475261FB162F4007E3E32 /* Assets.xcassets */,
				1A0FB9661FBE49E10020434F /* VeterinarioController.swift */,
				1A0FB9641FBE49C10020434F /* PerfilController.swift */,
				1A36D52C1FBFE47A0096CF20 /* BitacoraController.swift */,
				1A3475281FB162F4007E3E32 /* LaunchScreen.storyboard */,
				1A34752B1FB162F4007E3E32 /* Info.plist */,
				1A3475231FB162F4007E3E32 /* PrettyPets.xcdatamodeld */,
				1A36D5281FBFE2000096CF20 /* RegUsuarioController.swift */,
				1A36D52A1FBFE3E90096CF20 /* RegMascotaController.swift */,
				1AC642F01FBFFCCE00FD5290 /* ActualizarController.swift */,
				1AC642F21FBFFDA800FD5290 /* AddVacunaController.swift */,
				1AC642F41FBFFE5500FD5290 /* AddMascotaController.swift */,
			);
			path = PrettyPets;
			sourceTree = "<group>";
		};
		1A3475331FB162F4007E3E32 /* PrettyPetsTests */ = {
			isa = PBXGroup;
			children = (
				1A3475341FB162F4007E3E32 /* PrettyPetsTests.swift */,
				1A3475361FB162F4007E3E32 /* Info.plist */,
			);
			path = PrettyPetsTests;
			sourceTree = "<group>";
		};
		1A34753E1FB162F4007E3E32 /* PrettyPetsUITests */ = {
			isa = PBXGroup;
			children = (
				1A34753F1FB162F4007E3E32 /* PrettyPetsUITests.swift */,
				1A3475411FB162F4007E3E32 /* Info.plist */,
			);
			path = PrettyPetsUITests;
			sourceTree = "<group>";
		};
/* End PBXGroup section */

/* Begin PBXNativeTarget section */
		1A3475181FB162F4007E3E32 /* PrettyPets */ = {
			isa = PBXNativeTarget;
			buildConfigurationList = 1A3475441FB162F4007E3E32 /* Build configuration list for PBXNativeTarget "PrettyPets" */;
			buildPhases = (
				1A3475151FB162F4007E3E32 /* Sources */,
				1A3475161FB162F4007E3E32 /* Frameworks */,
				1A3475171FB162F4007E3E32 /* Resources */,
			);
			buildRules = (
			);
			dependencies = (
			);
			name = PrettyPets;
			productName = PrettyPets;
			productReference = 1A3475191FB162F4007E3E32 /* PrettyPets.app */;
			productType = "com.apple.product-type.application";
		};
		1A34752F1FB162F4007E3E32 /* PrettyPetsTests */ = {
			isa = PBXNativeTarget;
			buildConfigurationList = 1A3475471FB162F4007E3E32 /* Build configuration list for PBXNativeTarget "PrettyPetsTests" */;
			buildPhases = (
				1A34752C1FB162F4007E3E32 /* Sources */,
				1A34752D1FB162F4007E3E32 /* Frameworks */,
				1A34752E1FB162F4007E3E32 /* Resources */,
			);
			buildRules = (
			);
			dependencies = (
				1A3475321FB162F4007E3E32 /* PBXTargetDependency */,
			);
			name = PrettyPetsTests;
			productName = PrettyPetsTests;
			productReference = 1A3475301FB162F4007E3E32 /* PrettyPetsTests.xctest */;
			productType = "com.apple.product-type.bundle.unit-test";
		};
		1A34753A1FB162F4007E3E32 /* PrettyPetsUITests */ = {
			isa = PBXNativeTarget;
			buildConfigurationList = 1A34754A1FB162F4007E3E32 /* Build configuration list for PBXNativeTarget "PrettyPetsUITests" */;
			buildPhases = (
				1A3475371FB162F4007E3E32 /* Sources */,
				1A3475381FB162F4007E3E32 /* Frameworks */,
				1A3475391FB162F4007E3E32 /* Resources */,
			);
			buildRules = (
			);
			dependencies = (
				1A34753D1FB162F4007E3E32 /* PBXTargetDependency */,
			);
			name = PrettyPetsUITests;
			productName = PrettyPetsUITests;
			productReference = 1A34753B1FB162F4007E3E32 /* PrettyPetsUITests.xctest */;
			productType = "com.apple.product-type.bundle.ui-testing";
		};
/* End PBXNativeTarget section */

/* Begin PBXProject section */
		1A3475111FB162F4007E3E32 /* Project object */ = {
			isa = PBXProject;
			attributes = {
				LastSwiftUpdateCheck = 0900;
				LastUpgradeCheck = 0900;
				ORGANIZATIONNAME = LordBoxen;
				TargetAttributes = {
					1A3475181FB162F4007E3E32 = {
						CreatedOnToolsVersion = 9.0;
						LastSwiftMigration = 0900;
						ProvisioningStyle = Automatic;
					};
					1A34752F1FB162F4007E3E32 = {
						CreatedOnToolsVersion = 9.0;
						ProvisioningStyle = Automatic;
						TestTargetID = 1A3475181FB162F4007E3E32;
					};
					1A34753A1FB162F4007E3E32 = {
						CreatedOnToolsVersion = 9.0;
						ProvisioningStyle = Automatic;
						TestTargetID = 1A3475181FB162F4007E3E32;
					};
				};
			};
			buildConfigurationList = 1A3475141FB162F4007E3E32 /* Build configuration list for PBXProject "PrettyPets" */;
			compatibilityVersion = "Xcode 8.0";
			developmentRegion = en;
			hasScannedForEncodings = 0;
			knownRegions = (
				en,
				Base,
			);
			mainGroup = 1A3475101FB162F4007E3E32;
			productRefGroup = 1A34751A1FB162F4007E3E32 /* Products */;
			projectDirPath = "";
			projectRoot = "";
			targets = (
				1A3475181FB162F4007E3E32 /* PrettyPets */,
				1A34752F1FB162F4007E3E32 /* PrettyPetsTests */,
				1A34753A1FB162F4007E3E32 /* PrettyPetsUITests */,
			);
		};
/* End PBXProject section */

/* Begin PBXResourcesBuildPhase section */
		1A3475171FB162F4007E3E32 /* Resources */ = {
			isa = PBXResourcesBuildPhase;
			buildActionMask = 2147483647;
			files = (
				1A34752A1FB162F4007E3E32 /* LaunchScreen.storyboard in Resources */,
				1A3475271FB162F4007E3E32 /* Assets.xcassets in Resources */,
				1A3475221FB162F4007E3E32 /* Main.storyboard in Resources */,
			);
			runOnlyForDeploymentPostprocessing = 0;
		};
		1A34752E1FB162F4007E3E32 /* Resources */ = {
			isa = PBXResourcesBuildPhase;
			buildActionMask = 2147483647;
			files = (
			);
			runOnlyForDeploymentPostprocessing = 0;
		};
		1A3475391FB162F4007E3E32 /* Resources */ = {
			isa = PBXResourcesBuildPhase;
			buildActionMask = 2147483647;
			files = (
			);
			runOnlyForDeploymentPostprocessing = 0;
		};
/* End PBXResourcesBuildPhase section */

/* Begin PBXSourcesBuildPhase section */
		1A3475151FB162F4007E3E32 /* Sources */ = {
			isa = PBXSourcesBuildPhase;
			buildActionMask = 2147483647;
			files = (
				1A34751F1FB162F4007E3E32 /* ViewController.swift in Sources */,
				1A34751D1FB162F4007E3E32 /* AppDelegate.swift in Sources */,
				1A0FB9671FBE49E10020434F /* VeterinarioController.swift in Sources */,
				1AC642F51FBFFE5500FD5290 /* AddMascotaController.swift in Sources */,
				1A3475251FB162F4007E3E32 /* PrettyPets.xcdatamodeld in Sources */,
				1A36D52D1FBFE47A0096CF20 /* BitacoraController.swift in Sources */,
				1A36D52B1FBFE3E90096CF20 /* RegMascotaController.swift in Sources */,
				1AC642F11FBFFCCE00FD5290 /* ActualizarController.swift in Sources */,
				1AC642F31FBFFDA800FD5290 /* AddVacunaController.swift in Sources */,
				1A0FB9651FBE49C10020434F /* PerfilController.swift in Sources */,
				1A36D5291FBFE2000096CF20 /* RegUsuarioController.swift in Sources */,
			);
			runOnlyForDeploymentPostprocessing = 0;
		};
		1A34752C1FB162F4007E3E32 /* Sources */ = {
			isa = PBXSourcesBuildPhase;
			buildActionMask = 2147483647;
			files = (
				1A3475351FB162F4007E3E32 /* PrettyPetsTests.swift in Sources */,
			);
			runOnlyForDeploymentPostprocessing = 0;
		};
		1A3475371FB162F4007E3E32 /* Sources */ = {
			isa = PBXSourcesBuildPhase;
			buildActionMask = 2147483647;
			files = (
				1A3475401FB162F4007E3E32 /* PrettyPetsUITests.swift in Sources */,
			);
			runOnlyForDeploymentPostprocessing = 0;
		};
/* End PBXSourcesBuildPhase section */

/* Begin PBXTargetDependency section */
		1A3475321FB162F4007E3E32 /* PBXTargetDependency */ = {
			isa = PBXTargetDependency;
			target = 1A3475181FB162F4007E3E32 /* PrettyPets */;
			targetProxy = 1A3475311FB162F4007E3E32 /* PBXContainerItemProxy */;
		};
		1A34753D1FB162F4007E3E32 /* PBXTargetDependency */ = {
			isa = PBXTargetDependency;
			target = 1A3475181FB162F4007E3E32 /* PrettyPets */;
			targetProxy = 1A34753C1FB162F4007E3E32 /* PBXContainerItemProxy */;
		};
/* End PBXTargetDependency section */

/* Begin PBXVariantGroup section */
		1A3475201FB162F4007E3E32 /* Main.storyboard */ = {
			isa = PBXVariantGroup;
			children = (
				1A3475211FB162F4007E3E32 /* Base */,
			);
			name = Main.storyboard;
			sourceTree = "<group>";
		};
		1A3475281FB162F4007E3E32 /* LaunchScreen.storyboard */ = {
			isa = PBXVariantGroup;
			children = (
				1A3475291FB162F4007E3E32 /* Base */,
			);
			name = LaunchScreen.storyboard;
			sourceTree = "<group>";
		};
/* End PBXVariantGroup section */

/* Begin XCBuildConfiguration section */
		1A3475421FB162F4007E3E32 /* Debug */ = {
			isa = XCBuildConfiguration;
			buildSettings = {
				ALWAYS_SEARCH_USER_PATHS = NO;
				CLANG_ANALYZER_NONNULL = YES;
				CLANG_ANALYZER_NUMBER_OBJECT_CONVERSION = YES_AGGRESSIVE;
				CLANG_CXX_LANGUAGE_STANDARD = "gnu++14";
				CLANG_CXX_LIBRARY = "libc++";
				CLANG_ENABLE_MODULES = YES;
				CLANG_ENABLE_OBJC_ARC = YES;
				CLANG_WARN_BLOCK_CAPTURE_AUTORELEASING = YES;
				CLANG_WARN_BOOL_CONVERSION = YES;
				CLANG_WARN_COMMA = YES;
				CLANG_WARN_CONSTANT_CONVERSION = YES;
				CLANG_WARN_DIRECT_OBJC_ISA_USAGE = YES_ERROR;
				CLANG_WARN_DOCUMENTATION_COMMENTS = YES;
				CLANG_WARN_EMPTY_BODY = YES;
				CLANG_WARN_ENUM_CONVERSION = YES;
				CLANG_WARN_INFINITE_RECURSION = YES;
				CLANG_WARN_INT_CONVERSION = YES;
				CLANG_WARN_NON_LITERAL_NULL_CONVERSION = YES;
				CLANG_WARN_OBJC_LITERAL_CONVERSION = YES;
				CLANG_WARN_OBJC_ROOT_CLASS = YES_ERROR;
				CLANG_WARN_RANGE_LOOP_ANALYSIS = YES;
				CLANG_WARN_STRICT_PROTOTYPES = YES;
				CLANG_WARN_SUSPICIOUS_MOVE = YES;
				CLANG_WARN_UNGUARDED_AVAILABILITY = YES_AGGRESSIVE;
				CLANG_WARN_UNREACHABLE_CODE = YES;
				CLANG_WARN__DUPLICATE_METHOD_MATCH = YES;
				CODE_SIGN_IDENTITY = "iPhone Developer";
				COPY_PHASE_STRIP = NO;
				DEBUG_INFORMATION_FORMAT = dwarf;
				ENABLE_STRICT_OBJC_MSGSEND = YES;
				ENABLE_TESTABILITY = YES;
				GCC_C_LANGUAGE_STANDARD = gnu11;
				GCC_DYNAMIC_NO_PIC = NO;
				GCC_NO_COMMON_BLOCKS = YES;
				GCC_OPTIMIZATION_LEVEL = 0;
				GCC_PREPROCESSOR_DEFINITIONS = (
					"DEBUG=1",
					"$(inherited)",
				);
				GCC_WARN_64_TO_32_BIT_CONVERSION = YES;
				GCC_WARN_ABOUT_RETURN_TYPE = YES_ERROR;
				GCC_WARN_UNDECLARED_SELECTOR = YES;
				GCC_WARN_UNINITIALIZED_AUTOS = YES_AGGRESSIVE;
				GCC_WARN_UNUSED_FUNCTION = YES;
				GCC_WARN_UNUSED_VARIABLE = YES;
				IPHONEOS_DEPLOYMENT_TARGET = 11.0;
				MTL_ENABLE_DEBUG_INFO = YES;
				ONLY_ACTIVE_ARCH = YES;
				SDKROOT = iphoneos;
				SWIFT_ACTIVE_COMPILATION_CONDITIONS = DEBUG;
				SWIFT_OPTIMIZATION_LEVEL = "-Onone";
			};
			name = Debug;
		};
		1A3475431FB162F4007E3E32 /* Release */ = {
			isa = XCBuildConfiguration;
			buildSettings = {
				ALWAYS_SEARCH_USER_PATHS = NO;
				CLANG_ANALYZER_NONNULL = YES;
				CLANG_ANALYZER_NUMBER_OBJECT_CONVERSION = YES_AGGRESSIVE;
				CLANG_CXX_LANGUAGE_STANDARD = "gnu++14";
				CLANG_CXX_LIBRARY = "libc++";
				CLANG_ENABLE_MODULES = YES;
				CLANG_ENABLE_OBJC_ARC = YES;
				CLANG_WARN_BLOCK_CAPTURE_AUTORELEASING = YES;
				CLANG_WARN_BOOL_CONVERSION = YES;
				CLANG_WARN_COMMA = YES;
				CLANG_WARN_CONSTANT_CONVERSION = YES;
				CLANG_WARN_DIRECT_OBJC_ISA_USAGE = YES_ERROR;
				CLANG_WARN_DOCUMENTATION_COMMENTS = YES;
				CLANG_WARN_EMPTY_BODY = YES;
				CLANG_WARN_ENUM_CONVERSION = YES;
				CLANG_WARN_INFINITE_RECURSION = YES;
				CLANG_WARN_INT_CONVERSION = YES;
				CLANG_WARN_NON_LITERAL_NULL_CONVERSION = YES;
				CLANG_WARN_OBJC_LITERAL_CONVERSION = YES;
				CLANG_WARN_OBJC_ROOT_CLASS = YES_ERROR;
				CLANG_WARN_RANGE_LOOP_ANALYSIS = YES;
				CLANG_WARN_STRICT_PROTOTYPES = YES;
				CLANG_WARN_SUSPICIOUS_MOVE = YES;
				CLANG_WARN_UNGUARDED_AVAILABILITY = YES_AGGRESSIVE;
				CLANG_WARN_UNREACHABLE_CODE = YES;
				CLANG_WARN__DUPLICATE_METHOD_MATCH = YES;
				CODE_SIGN_IDENTITY = "iPhone Developer";
				COPY_PHASE_STRIP = NO;
				DEBUG_INFORMATION_FORMAT = "dwarf-with-dsym";
				ENABLE_NS_ASSERTIONS = NO;
				ENABLE_STRICT_OBJC_MSGSEND = YES;
				GCC_C_LANGUAGE_STANDARD = gnu11;
				GCC_NO_COMMON_BLOCKS = YES;
				GCC_WARN_64_TO_32_BIT_CONVERSION = YES;
				GCC_WARN_ABOUT_RETURN_TYPE = YES_ERROR;
				GCC_WARN_UNDECLARED_SELECTOR = YES;
				GCC_WARN_UNINITIALIZED_AUTOS = YES_AGGRESSIVE;
				GCC_WARN_UNUSED_FUNCTION = YES;
				GCC_WARN_UNUSED_VARIABLE = YES;
				IPHONEOS_DEPLOYMENT_TARGET = 11.0;
				MTL_ENABLE_DEBUG_INFO = NO;
				SDKROOT = iphoneos;
				SWIFT_OPTIMIZATION_LEVEL = "-Owholemodule";
				VALIDATE_PRODUCT = YES;
			};
			name = Release;
		};
		1A3475451FB162F4007E3E32 /* Debug */ = {
			isa = XCBuildConfiguration;
			buildSettings = {
				ASSETCATALOG_COMPILER_APPICON_NAME = AppIcon;
				CLANG_ENABLE_MODULES = YES;
				CODE_SIGN_STYLE = Automatic;
				DEVELOPMENT_TEAM = 5PL8MGJ92V;
				INFOPLIST_FILE = PrettyPets/Info.plist;
				LD_RUNPATH_SEARCH_PATHS = "$(inherited) @executable_path/Frameworks";
				PRODUCT_BUNDLE_IDENTIFIER = unicauca.PrettyPets;
				PRODUCT_NAME = "$(TARGET_NAME)";
				SWIFT_OBJC_BRIDGING_HEADER = "PrettyPets/PrettyPets-Bridging-Header.h";
				SWIFT_OPTIMIZATION_LEVEL = "-Onone";
				SWIFT_VERSION = 4.0;
				TARGETED_DEVICE_FAMILY = "1,2";
			};
			name = Debug;
		};
		1A3475461FB162F4007E3E32 /* Release */ = {
			isa = XCBuildConfiguration;
			buildSettings = {
				ASSETCATALOG_COMPILER_APPICON_NAME = AppIcon;
				CLANG_ENABLE_MODULES = YES;
				CODE_SIGN_STYLE = Automatic;
				DEVELOPMENT_TEAM = 5PL8MGJ92V;
				INFOPLIST_FILE = PrettyPets/Info.plist;
				LD_RUNPATH_SEARCH_PATHS = "$(inherited) @executable_path/Frameworks";
				PRODUCT_BUNDLE_IDENTIFIER = unicauca.PrettyPets;
				PRODUCT_NAME = "$(TARGET_NAME)";
				SWIFT_OBJC_BRIDGING_HEADER = "PrettyPets/PrettyPets-Bridging-Header.h";
				SWIFT_VERSION = 4.0;
				TARGETED_DEVICE_FAMILY = "1,2";
			};
			name = Release;
		};
		1A3475481FB162F4007E3E32 /* Debug */ = {
			isa = XCBuildConfiguration;
			buildSettings = {
				ALWAYS_EMBED_SWIFT_STANDARD_LIBRARIES = YES;
				BUNDLE_LOADER = "$(TEST_HOST)";
				CODE_SIGN_STYLE = Automatic;
				DEVELOPMENT_TEAM = 5PL8MGJ92V;
				INFOPLIST_FILE = PrettyPetsTests/Info.plist;
				LD_RUNPATH_SEARCH_PATHS = "$(inherited) @executable_path/Frameworks @loader_path/Frameworks";
				PRODUCT_BUNDLE_IDENTIFIER = unicauca.PrettyPetsTests;
				PRODUCT_NAME = "$(TARGET_NAME)";
				SWIFT_VERSION = 4.0;
				TARGETED_DEVICE_FAMILY = "1,2";
				TEST_HOST = "$(BUILT_PRODUCTS_DIR)/PrettyPets.app/PrettyPets";
			};
			name = Debug;
		};
		1A3475491FB162F4007E3E32 /* Release */ = {
			isa = XCBuildConfiguration;
			buildSettings = {
				ALWAYS_EMBED_SWIFT_STANDARD_LIBRARIES = YES;
				BUNDLE_LOADER = "$(TEST_HOST)";
				CODE_SIGN_STYLE = Automatic;
				DEVELOPMENT_TEAM = 5PL8MGJ92V;
				INFOPLIST_FILE = PrettyPetsTests/Info.plist;
				LD_RUNPATH_SEARCH_PATHS = "$(inherited) @executable_path/Frameworks @loader_path/Frameworks";
				PRODUCT_BUNDLE_IDENTIFIER = unicauca.PrettyPetsTests;
				PRODUCT_NAME = "$(TARGET_NAME)";
				SWIFT_VERSION = 4.0;
				TARGETED_DEVICE_FAMILY = "1,2";
				TEST_HOST = "$(BUILT_PRODUCTS_DIR)/PrettyPets.app/PrettyPets";
			};
			name = Release;
		};
		1A34754B1FB162F4007E3E32 /* Debug */ = {
			isa = XCBuildConfiguration;
			buildSettings = {
				ALWAYS_EMBED_SWIFT_STANDARD_LIBRARIES = YES;
				CODE_SIGN_STYLE = Automatic;
				DEVELOPMENT_TEAM = 5PL8MGJ92V;
				INFOPLIST_FILE = PrettyPetsUITests/Info.plist;
				LD_RUNPATH_SEARCH_PATHS = "$(inherited) @executable_path/Frameworks @loader_path/Frameworks";
				PRODUCT_BUNDLE_IDENTIFIER = unicauca.PrettyPetsUITests;
				PRODUCT_NAME = "$(TARGET_NAME)";
				SWIFT_VERSION = 4.0;
				TARGETED_DEVICE_FAMILY = "1,2";
				TEST_TARGET_NAME = PrettyPets;
			};
			name = Debug;
		};
		1A34754C1FB162F4007E3E32 /* Release */ = {
			isa = XCBuildConfiguration;
			buildSettings = {
				ALWAYS_EMBED_SWIFT_STANDARD_LIBRARIES = YES;
				CODE_SIGN_STYLE = Automatic;
				DEVELOPMENT_TEAM = 5PL8MGJ92V;
				INFOPLIST_FILE = PrettyPetsUITests/Info.plist;
				LD_RUNPATH_SEARCH_PATHS = "$(inherited) @executable_path/Frameworks @loader_path/Frameworks";
				PRODUCT_BUNDLE_IDENTIFIER = unicauca.PrettyPetsUITests;
				PRODUCT_NAME = "$(TARGET_NAME)";
				SWIFT_VERSION = 4.0;
				TARGETED_DEVICE_FAMILY = "1,2";
				TEST_TARGET_NAME = PrettyPets;
			};
			name = Release;
		};
/* End XCBuildConfiguration section */

/* Begin XCConfigurationList section */
		1A3475141FB162F4007E3E32 /* Build configuration list for PBXProject "PrettyPets" */ = {
			isa = XCConfigurationList;
			buildConfigurations = (
				1A3475421FB162F4007E3E32 /* Debug */,
				1A3475431FB162F4007E3E32 /* Release */,
			);
			defaultConfigurationIsVisible = 0;
			defaultConfigurationName = Release;
		};
		1A3475441FB162F4007E3E32 /* Build configuration list for PBXNativeTarget "PrettyPets" */ = {
			isa = XCConfigurationList;
			buildConfigurations = (
				1A3475451FB162F4007E3E32 /* Debug */,
				1A3475461FB162F4007E3E32 /* Release */,
			);
			defaultConfigurationIsVisible = 0;
			defaultConfigurationName = Release;
		};
		1A3475471FB162F4007E3E32 /* Build configuration list for PBXNativeTarget "PrettyPetsTests" */ = {
			isa = XCConfigurationList;
			buildConfigurations = (
				1A3475481FB162F4007E3E32 /* Debug */,
				1A3475491FB162F4007E3E32 /* Release */,
			);
			defaultConfigurationIsVisible = 0;
			defaultConfigurationName = Release;
		};
		1A34754A1FB162F4007E3E32 /* Build configuration list for PBXNativeTarget "PrettyPetsUITests" */ = {
			isa = XCConfigurationList;
			buildConfigurations = (
				1A34754B1FB162F4007E3E32 /* Debug */,
				1A34754C1FB162F4007E3E32 /* Release */,
			);
			defaultConfigurationIsVisible = 0;
			defaultConfigurationName = Release;
		};
/* End XCConfigurationList section */

/* Begin XCVersionGroup section */
		1A3475231FB162F4007E3E32 /* PrettyPets.xcdatamodeld */ = {
			isa = XCVersionGroup;
			children = (
				1A3475241FB162F4007E3E32 /* PrettyPets.xcdatamodel */,
			);
			currentVersion = 1A3475241FB162F4007E3E32 /* PrettyPets.xcdatamodel */;
			path = PrettyPets.xcdatamodeld;
			sourceTree = "<group>";
			versionGroupType = wrapper.xcdatamodel;
		};
/* End XCVersionGroup section */
	};
	rootObject = 1A3475111FB162F4007E3E32 /* Project object */;
}
